// !$*UTF8*$!
{
	archiveVersion = 1;
	classes = {
	};
	objectVersion = 56;
	objects = {

/* Begin PBXBuildFile section */
		DA286C882A5CC37D00CB6CE8 /* CustomBlockDesign.swift in Sources */ = {isa = PBXBuildFile; fileRef = DA286C872A5CC37D00CB6CE8 /* CustomBlockDesign.swift */; };
		DA286C8C2A5D237700CB6CE8 /* StringExtension.swift in Sources */ = {isa = PBXBuildFile; fileRef = DA286C8B2A5D237700CB6CE8 /* StringExtension.swift */; };
		DACF2D702A572FA5002F411B /* NutriFactCompareApp.swift in Sources */ = {isa = PBXBuildFile; fileRef = DACF2D6F2A572FA5002F411B /* NutriFactCompareApp.swift */; };
		DACF2D722A572FA5002F411B /* Persistence.swift in Sources */ = {isa = PBXBuildFile; fileRef = DACF2D712A572FA5002F411B /* Persistence.swift */; };
		DACF2D752A572FA5002F411B /* NutriFactCompare.xcdatamodeld in Sources */ = {isa = PBXBuildFile; fileRef = DACF2D732A572FA5002F411B /* NutriFactCompare.xcdatamodeld */; };
		DACF2D772A572FA5002F411B /* ContentView.swift in Sources */ = {isa = PBXBuildFile; fileRef = DACF2D762A572FA5002F411B /* ContentView.swift */; };
		DACF2D792A572FA7002F411B /* Assets.xcassets in Resources */ = {isa = PBXBuildFile; fileRef = DACF2D782A572FA7002F411B /* Assets.xcassets */; };
		DACF2D7D2A572FA7002F411B /* Preview Assets.xcassets in Resources */ = {isa = PBXBuildFile; fileRef = DACF2D7C2A572FA7002F411B /* Preview Assets.xcassets */; };
		DACF2D872A572FA7002F411B /* NutriFactCompareTests.swift in Sources */ = {isa = PBXBuildFile; fileRef = DACF2D862A572FA7002F411B /* NutriFactCompareTests.swift */; };
		DACF2D912A572FA7002F411B /* NutriFactCompareUITests.swift in Sources */ = {isa = PBXBuildFile; fileRef = DACF2D902A572FA7002F411B /* NutriFactCompareUITests.swift */; };
		DACF2D932A572FA7002F411B /* NutriFactCompareUITestsLaunchTests.swift in Sources */ = {isa = PBXBuildFile; fileRef = DACF2D922A572FA7002F411B /* NutriFactCompareUITestsLaunchTests.swift */; };
		DACF2DA02A5A39B8002F411B /* OnboardingView.swift in Sources */ = {isa = PBXBuildFile; fileRef = DACF2D9F2A5A39B8002F411B /* OnboardingView.swift */; };
		DACF2DA52A5A39E8002F411B /* MainVIew.swift in Sources */ = {isa = PBXBuildFile; fileRef = DACF2DA42A5A39E8002F411B /* MainVIew.swift */; };
		DACF2DA72A5A39FF002F411B /* ResultView.swift in Sources */ = {isa = PBXBuildFile; fileRef = DACF2DA62A5A39FF002F411B /* ResultView.swift */; };
		DACF2DA92A5A3A6C002F411B /* MainViewModel.swift in Sources */ = {isa = PBXBuildFile; fileRef = DACF2DA82A5A3A6C002F411B /* MainViewModel.swift */; };
		DACF2DAC2A5A40BE002F411B /* CustomButtonView.swift in Sources */ = {isa = PBXBuildFile; fileRef = DACF2DAB2A5A40BE002F411B /* CustomButtonView.swift */; };
		DACF2DAE2A5A4131002F411B /* CustomTextDesign.swift in Sources */ = {isa = PBXBuildFile; fileRef = DACF2DAD2A5A4131002F411B /* CustomTextDesign.swift */; };
		DACF2DB12A5A41CA002F411B /* ColorProtocols.swift in Sources */ = {isa = PBXBuildFile; fileRef = DACF2DB02A5A41CA002F411B /* ColorProtocols.swift */; };
		DACF2DB32A5A426C002F411B /* CustomTextFieldStyle.swift in Sources */ = {isa = PBXBuildFile; fileRef = DACF2DB22A5A426C002F411B /* CustomTextFieldStyle.swift */; };
		DACF2DB52A5A6761002F411B /* ServingSize.swift in Sources */ = {isa = PBXBuildFile; fileRef = DACF2DB42A5A6761002F411B /* ServingSize.swift */; };
		DACF2DBA2A5A732B002F411B /* EqualizeUnit.swift in Sources */ = {isa = PBXBuildFile; fileRef = DACF2DB92A5A732B002F411B /* EqualizeUnit.swift */; };
		DACF2DBC2A5B5A97002F411B /* DoubleExtension.swift in Sources */ = {isa = PBXBuildFile; fileRef = DACF2DBB2A5B5A97002F411B /* DoubleExtension.swift */; };
/* End PBXBuildFile section */

/* Begin PBXContainerItemProxy section */
		DACF2D832A572FA7002F411B /* PBXContainerItemProxy */ = {
			isa = PBXContainerItemProxy;
			containerPortal = DACF2D642A572FA5002F411B /* Project object */;
			proxyType = 1;
			remoteGlobalIDString = DACF2D6B2A572FA5002F411B;
			remoteInfo = NutriFactCompare;
		};
		DACF2D8D2A572FA7002F411B /* PBXContainerItemProxy */ = {
			isa = PBXContainerItemProxy;
			containerPortal = DACF2D642A572FA5002F411B /* Project object */;
			proxyType = 1;
			remoteGlobalIDString = DACF2D6B2A572FA5002F411B;
			remoteInfo = NutriFactCompare;
		};
/* End PBXContainerItemProxy section */

/* Begin PBXFileReference section */
		DA286C872A5CC37D00CB6CE8 /* CustomBlockDesign.swift */ = {isa = PBXFileReference; lastKnownFileType = sourcecode.swift; path = CustomBlockDesign.swift; sourceTree = "<group>"; };
		DA286C8B2A5D237700CB6CE8 /* StringExtension.swift */ = {isa = PBXFileReference; lastKnownFileType = sourcecode.swift; path = StringExtension.swift; sourceTree = "<group>"; };
		DACF2D6C2A572FA5002F411B /* NutriFactCompare.app */ = {isa = PBXFileReference; explicitFileType = wrapper.application; includeInIndex = 0; path = NutriFactCompare.app; sourceTree = BUILT_PRODUCTS_DIR; };
		DACF2D6F2A572FA5002F411B /* NutriFactCompareApp.swift */ = {isa = PBXFileReference; lastKnownFileType = sourcecode.swift; path = NutriFactCompareApp.swift; sourceTree = "<group>"; };
		DACF2D712A572FA5002F411B /* Persistence.swift */ = {isa = PBXFileReference; lastKnownFileType = sourcecode.swift; path = Persistence.swift; sourceTree = "<group>"; };
		DACF2D742A572FA5002F411B /* NutriFactCompare.xcdatamodel */ = {isa = PBXFileReference; lastKnownFileType = wrapper.xcdatamodel; path = NutriFactCompare.xcdatamodel; sourceTree = "<group>"; };
		DACF2D762A572FA5002F411B /* ContentView.swift */ = {isa = PBXFileReference; lastKnownFileType = sourcecode.swift; path = ContentView.swift; sourceTree = "<group>"; };
		DACF2D782A572FA7002F411B /* Assets.xcassets */ = {isa = PBXFileReference; lastKnownFileType = folder.assetcatalog; path = Assets.xcassets; sourceTree = "<group>"; };
		DACF2D7A2A572FA7002F411B /* NutriFactCompare.entitlements */ = {isa = PBXFileReference; lastKnownFileType = text.plist.entitlements; path = NutriFactCompare.entitlements; sourceTree = "<group>"; };
		DACF2D7C2A572FA7002F411B /* Preview Assets.xcassets */ = {isa = PBXFileReference; lastKnownFileType = folder.assetcatalog; path = "Preview Assets.xcassets"; sourceTree = "<group>"; };
		DACF2D822A572FA7002F411B /* NutriFactCompareTests.xctest */ = {isa = PBXFileReference; explicitFileType = wrapper.cfbundle; includeInIndex = 0; path = NutriFactCompareTests.xctest; sourceTree = BUILT_PRODUCTS_DIR; };
		DACF2D862A572FA7002F411B /* NutriFactCompareTests.swift */ = {isa = PBXFileReference; lastKnownFileType = sourcecode.swift; path = NutriFactCompareTests.swift; sourceTree = "<group>"; };
		DACF2D8C2A572FA7002F411B /* NutriFactCompareUITests.xctest */ = {isa = PBXFileReference; explicitFileType = wrapper.cfbundle; includeInIndex = 0; path = NutriFactCompareUITests.xctest; sourceTree = BUILT_PRODUCTS_DIR; };
		DACF2D902A572FA7002F411B /* NutriFactCompareUITests.swift */ = {isa = PBXFileReference; lastKnownFileType = sourcecode.swift; path = NutriFactCompareUITests.swift; sourceTree = "<group>"; };
		DACF2D922A572FA7002F411B /* NutriFactCompareUITestsLaunchTests.swift */ = {isa = PBXFileReference; lastKnownFileType = sourcecode.swift; path = NutriFactCompareUITestsLaunchTests.swift; sourceTree = "<group>"; };
		DACF2D9F2A5A39B8002F411B /* OnboardingView.swift */ = {isa = PBXFileReference; lastKnownFileType = sourcecode.swift; path = OnboardingView.swift; sourceTree = "<group>"; };
		DACF2DA42A5A39E8002F411B /* MainVIew.swift */ = {isa = PBXFileReference; lastKnownFileType = sourcecode.swift; path = MainVIew.swift; sourceTree = "<group>"; };
		DACF2DA62A5A39FF002F411B /* ResultView.swift */ = {isa = PBXFileReference; lastKnownFileType = sourcecode.swift; path = ResultView.swift; sourceTree = "<group>"; };
		DACF2DA82A5A3A6C002F411B /* MainViewModel.swift */ = {isa = PBXFileReference; lastKnownFileType = sourcecode.swift; path = MainViewModel.swift; sourceTree = "<group>"; };
		DACF2DAB2A5A40BE002F411B /* CustomButtonView.swift */ = {isa = PBXFileReference; lastKnownFileType = sourcecode.swift; path = CustomButtonView.swift; sourceTree = "<group>"; };
		DACF2DAD2A5A4131002F411B /* CustomTextDesign.swift */ = {isa = PBXFileReference; lastKnownFileType = sourcecode.swift; path = CustomTextDesign.swift; sourceTree = "<group>"; };
		DACF2DB02A5A41CA002F411B /* ColorProtocols.swift */ = {isa = PBXFileReference; lastKnownFileType = sourcecode.swift; path = ColorProtocols.swift; sourceTree = "<group>"; };
		DACF2DB22A5A426C002F411B /* CustomTextFieldStyle.swift */ = {isa = PBXFileReference; lastKnownFileType = sourcecode.swift; path = CustomTextFieldStyle.swift; sourceTree = "<group>"; };
		DACF2DB42A5A6761002F411B /* ServingSize.swift */ = {isa = PBXFileReference; lastKnownFileType = sourcecode.swift; path = ServingSize.swift; sourceTree = "<group>"; };
		DACF2DB92A5A732B002F411B /* EqualizeUnit.swift */ = {isa = PBXFileReference; lastKnownFileType = sourcecode.swift; path = EqualizeUnit.swift; sourceTree = "<group>"; };
		DACF2DBB2A5B5A97002F411B /* DoubleExtension.swift */ = {isa = PBXFileReference; lastKnownFileType = sourcecode.swift; path = DoubleExtension.swift; sourceTree = "<group>"; };
/* End PBXFileReference section */

/* Begin PBXFrameworksBuildPhase section */
		DACF2D692A572FA5002F411B /* Frameworks */ = {
			isa = PBXFrameworksBuildPhase;
			buildActionMask = 2147483647;
			files = (
			);
			runOnlyForDeploymentPostprocessing = 0;
		};
		DACF2D7F2A572FA7002F411B /* Frameworks */ = {
			isa = PBXFrameworksBuildPhase;
			buildActionMask = 2147483647;
			files = (
			);
			runOnlyForDeploymentPostprocessing = 0;
		};
		DACF2D892A572FA7002F411B /* Frameworks */ = {
			isa = PBXFrameworksBuildPhase;
			buildActionMask = 2147483647;
			files = (
			);
			runOnlyForDeploymentPostprocessing = 0;
		};
/* End PBXFrameworksBuildPhase section */

/* Begin PBXGroup section */
		DACF2D632A572FA5002F411B = {
			isa = PBXGroup;
			children = (
				DACF2D6E2A572FA5002F411B /* NutriFactCompare */,
				DACF2D852A572FA7002F411B /* NutriFactCompareTests */,
				DACF2D8F2A572FA7002F411B /* NutriFactCompareUITests */,
				DACF2D6D2A572FA5002F411B /* Products */,
			);
			sourceTree = "<group>";
		};
		DACF2D6D2A572FA5002F411B /* Products */ = {
			isa = PBXGroup;
			children = (
				DACF2D6C2A572FA5002F411B /* NutriFactCompare.app */,
				DACF2D822A572FA7002F411B /* NutriFactCompareTests.xctest */,
				DACF2D8C2A572FA7002F411B /* NutriFactCompareUITests.xctest */,
			);
			name = Products;
			sourceTree = "<group>";
		};
		DACF2D6E2A572FA5002F411B /* NutriFactCompare */ = {
			isa = PBXGroup;
			children = (
				DACF2D6F2A572FA5002F411B /* NutriFactCompareApp.swift */,
				DACF2D712A572FA5002F411B /* Persistence.swift */,
				DACF2DBD2A5B5A9C002F411B /* Extension */,
				DACF2DA32A5A39D4002F411B /* ViewModel */,
				DACF2DA22A5A39C9002F411B /* Model */,
				DACF2DA12A5A39BD002F411B /* View */,
				DACF2DAF2A5A41B9002F411B /* Protocols */,
				DACF2DAA2A5A40A8002F411B /* Custom */,
				DACF2D762A572FA5002F411B /* ContentView.swift */,
				DACF2D782A572FA7002F411B /* Assets.xcassets */,
				DACF2D7A2A572FA7002F411B /* NutriFactCompare.entitlements */,
				DACF2D732A572FA5002F411B /* NutriFactCompare.xcdatamodeld */,
				DACF2D7B2A572FA7002F411B /* Preview Content */,
			);
			path = NutriFactCompare;
			sourceTree = "<group>";
		};
		DACF2D7B2A572FA7002F411B /* Preview Content */ = {
			isa = PBXGroup;
			children = (
				DACF2D7C2A572FA7002F411B /* Preview Assets.xcassets */,
			);
			path = "Preview Content";
			sourceTree = "<group>";
		};
		DACF2D852A572FA7002F411B /* NutriFactCompareTests */ = {
			isa = PBXGroup;
			children = (
				DACF2D862A572FA7002F411B /* NutriFactCompareTests.swift */,
			);
			path = NutriFactCompareTests;
			sourceTree = "<group>";
		};
		DACF2D8F2A572FA7002F411B /* NutriFactCompareUITests */ = {
			isa = PBXGroup;
			children = (
				DACF2D902A572FA7002F411B /* NutriFactCompareUITests.swift */,
				DACF2D922A572FA7002F411B /* NutriFactCompareUITestsLaunchTests.swift */,
			);
			path = NutriFactCompareUITests;
			sourceTree = "<group>";
		};
		DACF2DA12A5A39BD002F411B /* View */ = {
			isa = PBXGroup;
			children = (
				DACF2D9F2A5A39B8002F411B /* OnboardingView.swift */,
				DACF2DA42A5A39E8002F411B /* MainVIew.swift */,
				DACF2DA62A5A39FF002F411B /* ResultView.swift */,
			);
			path = View;
			sourceTree = "<group>";
		};
		DACF2DA22A5A39C9002F411B /* Model */ = {
			isa = PBXGroup;
			children = (
				DACF2DB42A5A6761002F411B /* ServingSize.swift */,
				DACF2DB92A5A732B002F411B /* EqualizeUnit.swift */,
			);
			path = Model;
			sourceTree = "<group>";
		};
		DACF2DA32A5A39D4002F411B /* ViewModel */ = {
			isa = PBXGroup;
			children = (
				DACF2DA82A5A3A6C002F411B /* MainViewModel.swift */,
			);
			path = ViewModel;
			sourceTree = "<group>";
		};
		DACF2DAA2A5A40A8002F411B /* Custom */ = {
			isa = PBXGroup;
			children = (
				DACF2DAB2A5A40BE002F411B /* CustomButtonView.swift */,
				DACF2DAD2A5A4131002F411B /* CustomTextDesign.swift */,
				DACF2DB22A5A426C002F411B /* CustomTextFieldStyle.swift */,
				DA286C872A5CC37D00CB6CE8 /* CustomBlockDesign.swift */,
			);
			path = Custom;
			sourceTree = "<group>";
		};
		DACF2DAF2A5A41B9002F411B /* Protocols */ = {
			isa = PBXGroup;
			children = (
				DACF2DB02A5A41CA002F411B /* ColorProtocols.swift */,
			);
			path = Protocols;
			sourceTree = "<group>";
		};
		DACF2DBD2A5B5A9C002F411B /* Extension */ = {
			isa = PBXGroup;
			children = (
				DACF2DBB2A5B5A97002F411B /* DoubleExtension.swift */,
				DA286C8B2A5D237700CB6CE8 /* StringExtension.swift */,
			);
			path = Extension;
			sourceTree = "<group>";
		};
/* End PBXGroup section */

/* Begin PBXNativeTarget section */
		DACF2D6B2A572FA5002F411B /* NutriFactCompare */ = {
			isa = PBXNativeTarget;
			buildConfigurationList = DACF2D962A572FA7002F411B /* Build configuration list for PBXNativeTarget "NutriFactCompare" */;
			buildPhases = (
				DACF2D682A572FA5002F411B /* Sources */,
				DACF2D692A572FA5002F411B /* Frameworks */,
				DACF2D6A2A572FA5002F411B /* Resources */,
			);
			buildRules = (
			);
			dependencies = (
			);
			name = NutriFactCompare;
			productName = NutriFactCompare;
			productReference = DACF2D6C2A572FA5002F411B /* NutriFactCompare.app */;
			productType = "com.apple.product-type.application";
		};
		DACF2D812A572FA7002F411B /* NutriFactCompareTests */ = {
			isa = PBXNativeTarget;
			buildConfigurationList = DACF2D992A572FA7002F411B /* Build configuration list for PBXNativeTarget "NutriFactCompareTests" */;
			buildPhases = (
				DACF2D7E2A572FA7002F411B /* Sources */,
				DACF2D7F2A572FA7002F411B /* Frameworks */,
				DACF2D802A572FA7002F411B /* Resources */,
			);
			buildRules = (
			);
			dependencies = (
				DACF2D842A572FA7002F411B /* PBXTargetDependency */,
			);
			name = NutriFactCompareTests;
			productName = NutriFactCompareTests;
			productReference = DACF2D822A572FA7002F411B /* NutriFactCompareTests.xctest */;
			productType = "com.apple.product-type.bundle.unit-test";
		};
		DACF2D8B2A572FA7002F411B /* NutriFactCompareUITests */ = {
			isa = PBXNativeTarget;
			buildConfigurationList = DACF2D9C2A572FA7002F411B /* Build configuration list for PBXNativeTarget "NutriFactCompareUITests" */;
			buildPhases = (
				DACF2D882A572FA7002F411B /* Sources */,
				DACF2D892A572FA7002F411B /* Frameworks */,
				DACF2D8A2A572FA7002F411B /* Resources */,
			);
			buildRules = (
			);
			dependencies = (
				DACF2D8E2A572FA7002F411B /* PBXTargetDependency */,
			);
			name = NutriFactCompareUITests;
			productName = NutriFactCompareUITests;
			productReference = DACF2D8C2A572FA7002F411B /* NutriFactCompareUITests.xctest */;
			productType = "com.apple.product-type.bundle.ui-testing";
		};
/* End PBXNativeTarget section */

/* Begin PBXProject section */
		DACF2D642A572FA5002F411B /* Project object */ = {
			isa = PBXProject;
			attributes = {
				BuildIndependentTargetsInParallel = 1;
				LastSwiftUpdateCheck = 1430;
				LastUpgradeCheck = 1430;
				TargetAttributes = {
					DACF2D6B2A572FA5002F411B = {
						CreatedOnToolsVersion = 14.3;
					};
					DACF2D812A572FA7002F411B = {
						CreatedOnToolsVersion = 14.3;
						TestTargetID = DACF2D6B2A572FA5002F411B;
					};
					DACF2D8B2A572FA7002F411B = {
						CreatedOnToolsVersion = 14.3;
						TestTargetID = DACF2D6B2A572FA5002F411B;
					};
				};
			};
			buildConfigurationList = DACF2D672A572FA5002F411B /* Build configuration list for PBXProject "NutriFactCompare" */;
			compatibilityVersion = "Xcode 14.0";
			developmentRegion = en;
			hasScannedForEncodings = 0;
			knownRegions = (
				en,
				Base,
			);
			mainGroup = DACF2D632A572FA5002F411B;
			productRefGroup = DACF2D6D2A572FA5002F411B /* Products */;
			projectDirPath = "";
			projectRoot = "";
			targets = (
				DACF2D6B2A572FA5002F411B /* NutriFactCompare */,
				DACF2D812A572FA7002F411B /* NutriFactCompareTests */,
				DACF2D8B2A572FA7002F411B /* NutriFactCompareUITests */,
			);
		};
/* End PBXProject section */

/* Begin PBXResourcesBuildPhase section */
		DACF2D6A2A572FA5002F411B /* Resources */ = {
			isa = PBXResourcesBuildPhase;
			buildActionMask = 2147483647;
			files = (
				DACF2D7D2A572FA7002F411B /* Preview Assets.xcassets in Resources */,
				DACF2D792A572FA7002F411B /* Assets.xcassets in Resources */,
			);
			runOnlyForDeploymentPostprocessing = 0;
		};
		DACF2D802A572FA7002F411B /* Resources */ = {
			isa = PBXResourcesBuildPhase;
			buildActionMask = 2147483647;
			files = (
			);
			runOnlyForDeploymentPostprocessing = 0;
		};
		DACF2D8A2A572FA7002F411B /* Resources */ = {
			isa = PBXResourcesBuildPhase;
			buildActionMask = 2147483647;
			files = (
			);
			runOnlyForDeploymentPostprocessing = 0;
		};
/* End PBXResourcesBuildPhase section */

/* Begin PBXSourcesBuildPhase section */
		DACF2D682A572FA5002F411B /* Sources */ = {
			isa = PBXSourcesBuildPhase;
			buildActionMask = 2147483647;
			files = (
				DACF2DBC2A5B5A97002F411B /* DoubleExtension.swift in Sources */,
				DACF2DB52A5A6761002F411B /* ServingSize.swift in Sources */,
				DA286C882A5CC37D00CB6CE8 /* CustomBlockDesign.swift in Sources */,
				DACF2DB12A5A41CA002F411B /* ColorProtocols.swift in Sources */,
				DACF2D702A572FA5002F411B /* NutriFactCompareApp.swift in Sources */,
				DACF2DB32A5A426C002F411B /* CustomTextFieldStyle.swift in Sources */,
				DACF2DA52A5A39E8002F411B /* MainVIew.swift in Sources */,
				DACF2DBA2A5A732B002F411B /* EqualizeUnit.swift in Sources */,
				DA286C8C2A5D237700CB6CE8 /* StringExtension.swift in Sources */,
				DACF2D722A572FA5002F411B /* Persistence.swift in Sources */,
				DACF2DAE2A5A4131002F411B /* CustomTextDesign.swift in Sources */,
				DACF2DAC2A5A40BE002F411B /* CustomButtonView.swift in Sources */,
				DACF2D772A572FA5002F411B /* ContentView.swift in Sources */,
				DACF2DA02A5A39B8002F411B /* OnboardingView.swift in Sources */,
				DACF2DA72A5A39FF002F411B /* ResultView.swift in Sources */,
				DACF2D752A572FA5002F411B /* NutriFactCompare.xcdatamodeld in Sources */,
				DACF2DA92A5A3A6C002F411B /* MainViewModel.swift in Sources */,
			);
			runOnlyForDeploymentPostprocessing = 0;
		};
		DACF2D7E2A572FA7002F411B /* Sources */ = {
			isa = PBXSourcesBuildPhase;
			buildActionMask = 2147483647;
			files = (
				DACF2D872A572FA7002F411B /* NutriFactCompareTests.swift in Sources */,
			);
			runOnlyForDeploymentPostprocessing = 0;
		};
		DACF2D882A572FA7002F411B /* Sources */ = {
			isa = PBXSourcesBuildPhase;
			buildActionMask = 2147483647;
			files = (
				DACF2D912A572FA7002F411B /* NutriFactCompareUITests.swift in Sources */,
				DACF2D932A572FA7002F411B /* NutriFactCompareUITestsLaunchTests.swift in Sources */,
			);
			runOnlyForDeploymentPostprocessing = 0;
		};
/* End PBXSourcesBuildPhase section */

/* Begin PBXTargetDependency section */
		DACF2D842A572FA7002F411B /* PBXTargetDependency */ = {
			isa = PBXTargetDependency;
			target = DACF2D6B2A572FA5002F411B /* NutriFactCompare */;
			targetProxy = DACF2D832A572FA7002F411B /* PBXContainerItemProxy */;
		};
		DACF2D8E2A572FA7002F411B /* PBXTargetDependency */ = {
			isa = PBXTargetDependency;
			target = DACF2D6B2A572FA5002F411B /* NutriFactCompare */;
			targetProxy = DACF2D8D2A572FA7002F411B /* PBXContainerItemProxy */;
		};
/* End PBXTargetDependency section */

/* Begin XCBuildConfiguration section */
		DACF2D942A572FA7002F411B /* Debug */ = {
			isa = XCBuildConfiguration;
			buildSettings = {
				ALWAYS_SEARCH_USER_PATHS = NO;
				CLANG_ANALYZER_NONNULL = YES;
				CLANG_ANALYZER_NUMBER_OBJECT_CONVERSION = YES_AGGRESSIVE;
				CLANG_CXX_LANGUAGE_STANDARD = "gnu++20";
				CLANG_ENABLE_MODULES = YES;
				CLANG_ENABLE_OBJC_ARC = YES;
				CLANG_ENABLE_OBJC_WEAK = YES;
				CLANG_WARN_BLOCK_CAPTURE_AUTORELEASING = YES;
				CLANG_WARN_BOOL_CONVERSION = YES;
				CLANG_WARN_COMMA = YES;
				CLANG_WARN_CONSTANT_CONVERSION = YES;
				CLANG_WARN_DEPRECATED_OBJC_IMPLEMENTATIONS = YES;
				CLANG_WARN_DIRECT_OBJC_ISA_USAGE = YES_ERROR;
				CLANG_WARN_DOCUMENTATION_COMMENTS = YES;
				CLANG_WARN_EMPTY_BODY = YES;
				CLANG_WARN_ENUM_CONVERSION = YES;
				CLANG_WARN_INFINITE_RECURSION = YES;
				CLANG_WARN_INT_CONVERSION = YES;
				CLANG_WARN_NON_LITERAL_NULL_CONVERSION = YES;
				CLANG_WARN_OBJC_IMPLICIT_RETAIN_SELF = YES;
				CLANG_WARN_OBJC_LITERAL_CONVERSION = YES;
				CLANG_WARN_OBJC_ROOT_CLASS = YES_ERROR;
				CLANG_WARN_QUOTED_INCLUDE_IN_FRAMEWORK_HEADER = YES;
				CLANG_WARN_RANGE_LOOP_ANALYSIS = YES;
				CLANG_WARN_STRICT_PROTOTYPES = YES;
				CLANG_WARN_SUSPICIOUS_MOVE = YES;
				CLANG_WARN_UNGUARDED_AVAILABILITY = YES_AGGRESSIVE;
				CLANG_WARN_UNREACHABLE_CODE = YES;
				CLANG_WARN__DUPLICATE_METHOD_MATCH = YES;
				COPY_PHASE_STRIP = NO;
				DEBUG_INFORMATION_FORMAT = dwarf;
				ENABLE_STRICT_OBJC_MSGSEND = YES;
				ENABLE_TESTABILITY = YES;
				GCC_C_LANGUAGE_STANDARD = gnu11;
				GCC_DYNAMIC_NO_PIC = NO;
				GCC_NO_COMMON_BLOCKS = YES;
				GCC_OPTIMIZATION_LEVEL = 0;
				GCC_PREPROCESSOR_DEFINITIONS = (
					"DEBUG=1",
					"$(inherited)",
				);
				GCC_WARN_64_TO_32_BIT_CONVERSION = YES;
				GCC_WARN_ABOUT_RETURN_TYPE = YES_ERROR;
				GCC_WARN_UNDECLARED_SELECTOR = YES;
				GCC_WARN_UNINITIALIZED_AUTOS = YES_AGGRESSIVE;
				GCC_WARN_UNUSED_FUNCTION = YES;
				GCC_WARN_UNUSED_VARIABLE = YES;
				MTL_ENABLE_DEBUG_INFO = INCLUDE_SOURCE;
				MTL_FAST_MATH = YES;
				ONLY_ACTIVE_ARCH = YES;
				SWIFT_ACTIVE_COMPILATION_CONDITIONS = DEBUG;
				SWIFT_OPTIMIZATION_LEVEL = "-Onone";
			};
			name = Debug;
		};
		DACF2D952A572FA7002F411B /* Release */ = {
			isa = XCBuildConfiguration;
			buildSettings = {
				ALWAYS_SEARCH_USER_PATHS = NO;
				CLANG_ANALYZER_NONNULL = YES;
				CLANG_ANALYZER_NUMBER_OBJECT_CONVERSION = YES_AGGRESSIVE;
				CLANG_CXX_LANGUAGE_STANDARD = "gnu++20";
				CLANG_ENABLE_MODULES = YES;
				CLANG_ENABLE_OBJC_ARC = YES;
				CLANG_ENABLE_OBJC_WEAK = YES;
				CLANG_WARN_BLOCK_CAPTURE_AUTORELEASING = YES;
				CLANG_WARN_BOOL_CONVERSION = YES;
				CLANG_WARN_COMMA = YES;
				CLANG_WARN_CONSTANT_CONVERSION = YES;
				CLANG_WARN_DEPRECATED_OBJC_IMPLEMENTATIONS = YES;
				CLANG_WARN_DIRECT_OBJC_ISA_USAGE = YES_ERROR;
				CLANG_WARN_DOCUMENTATION_COMMENTS = YES;
				CLANG_WARN_EMPTY_BODY = YES;
				CLANG_WARN_ENUM_CONVERSION = YES;
				CLANG_WARN_INFINITE_RECURSION = YES;
				CLANG_WARN_INT_CONVERSION = YES;
				CLANG_WARN_NON_LITERAL_NULL_CONVERSION = YES;
				CLANG_WARN_OBJC_IMPLICIT_RETAIN_SELF = YES;
				CLANG_WARN_OBJC_LITERAL_CONVERSION = YES;
				CLANG_WARN_OBJC_ROOT_CLASS = YES_ERROR;
				CLANG_WARN_QUOTED_INCLUDE_IN_FRAMEWORK_HEADER = YES;
				CLANG_WARN_RANGE_LOOP_ANALYSIS = YES;
				CLANG_WARN_STRICT_PROTOTYPES = YES;
				CLANG_WARN_SUSPICIOUS_MOVE = YES;
				CLANG_WARN_UNGUARDED_AVAILABILITY = YES_AGGRESSIVE;
				CLANG_WARN_UNREACHABLE_CODE = YES;
				CLANG_WARN__DUPLICATE_METHOD_MATCH = YES;
				COPY_PHASE_STRIP = NO;
				DEBUG_INFORMATION_FORMAT = "dwarf-with-dsym";
				ENABLE_NS_ASSERTIONS = NO;
				ENABLE_STRICT_OBJC_MSGSEND = YES;
				GCC_C_LANGUAGE_STANDARD = gnu11;
				GCC_NO_COMMON_BLOCKS = YES;
				GCC_WARN_64_TO_32_BIT_CONVERSION = YES;
				GCC_WARN_ABOUT_RETURN_TYPE = YES_ERROR;
				GCC_WARN_UNDECLARED_SELECTOR = YES;
				GCC_WARN_UNINITIALIZED_AUTOS = YES_AGGRESSIVE;
				GCC_WARN_UNUSED_FUNCTION = YES;
				GCC_WARN_UNUSED_VARIABLE = YES;
				MTL_ENABLE_DEBUG_INFO = NO;
				MTL_FAST_MATH = YES;
				SWIFT_COMPILATION_MODE = wholemodule;
				SWIFT_OPTIMIZATION_LEVEL = "-O";
			};
			name = Release;
		};
		DACF2D972A572FA7002F411B /* Debug */ = {
			isa = XCBuildConfiguration;
			buildSettings = {
				ASSETCATALOG_COMPILER_APPICON_NAME = AppIcon;
				ASSETCATALOG_COMPILER_GLOBAL_ACCENT_COLOR_NAME = AccentColor;
				CODE_SIGN_ENTITLEMENTS = NutriFactCompare/NutriFactCompare.entitlements;
				CODE_SIGN_STYLE = Automatic;
				CURRENT_PROJECT_VERSION = 1;
				DEVELOPMENT_ASSET_PATHS = "\"NutriFactCompare/Preview Content\"";
				DEVELOPMENT_TEAM = 4P2C9WR2BJ;
				ENABLE_HARDENED_RUNTIME = YES;
				ENABLE_PREVIEWS = YES;
				GENERATE_INFOPLIST_FILE = YES;
				"INFOPLIST_KEY_UIApplicationSceneManifest_Generation[sdk=iphoneos*]" = YES;
				"INFOPLIST_KEY_UIApplicationSceneManifest_Generation[sdk=iphonesimulator*]" = YES;
				"INFOPLIST_KEY_UIApplicationSupportsIndirectInputEvents[sdk=iphoneos*]" = YES;
				"INFOPLIST_KEY_UIApplicationSupportsIndirectInputEvents[sdk=iphonesimulator*]" = YES;
				"INFOPLIST_KEY_UILaunchScreen_Generation[sdk=iphoneos*]" = YES;
				"INFOPLIST_KEY_UILaunchScreen_Generation[sdk=iphonesimulator*]" = YES;
				"INFOPLIST_KEY_UIStatusBarStyle[sdk=iphoneos*]" = UIStatusBarStyleDefault;
				"INFOPLIST_KEY_UIStatusBarStyle[sdk=iphonesimulator*]" = UIStatusBarStyleDefault;
				INFOPLIST_KEY_UISupportedInterfaceOrientations_iPad = "UIInterfaceOrientationPortrait UIInterfaceOrientationPortraitUpsideDown UIInterfaceOrientationLandscapeLeft UIInterfaceOrientationLandscapeRight";
				INFOPLIST_KEY_UISupportedInterfaceOrientations_iPhone = "UIInterfaceOrientationPortrait UIInterfaceOrientationLandscapeLeft UIInterfaceOrientationLandscapeRight";
				IPHONEOS_DEPLOYMENT_TARGET = 16.4;
				LD_RUNPATH_SEARCH_PATHS = "@executable_path/Frameworks";
				"LD_RUNPATH_SEARCH_PATHS[sdk=macosx*]" = "@executable_path/../Frameworks";
				MACOSX_DEPLOYMENT_TARGET = 13.3;
				MARKETING_VERSION = 1.0;
				PRODUCT_BUNDLE_IDENTIFIER = com.rahuladepu.NutriFactCompare;
				PRODUCT_NAME = "$(TARGET_NAME)";
				SDKROOT = auto;
				SUPPORTED_PLATFORMS = "iphoneos iphonesimulator macosx";
				SWIFT_EMIT_LOC_STRINGS = YES;
				SWIFT_VERSION = 5.0;
				TARGETED_DEVICE_FAMILY = "1,2";
			};
			name = Debug;
		};
		DACF2D982A572FA7002F411B /* Release */ = {
			isa = XCBuildConfiguration;
			buildSettings = {
				ASSETCATALOG_COMPILER_APPICON_NAME = AppIcon;
				ASSETCATALOG_COMPILER_GLOBAL_ACCENT_COLOR_NAME = AccentColor;
				CODE_SIGN_ENTITLEMENTS = NutriFactCompare/NutriFactCompare.entitlements;
				CODE_SIGN_STYLE = Automatic;
				CURRENT_PROJECT_VERSION = 1;
				DEVELOPMENT_ASSET_PATHS = "\"NutriFactCompare/Preview Content\"";
				DEVELOPMENT_TEAM = 4P2C9WR2BJ;
				ENABLE_HARDENED_RUNTIME = YES;
				ENABLE_PREVIEWS = YES;
				GENERATE_INFOPLIST_FILE = YES;
				"INFOPLIST_KEY_UIApplicationSceneManifest_Generation[sdk=iphoneos*]" = YES;
				"INFOPLIST_KEY_UIApplicationSceneManifest_Generation[sdk=iphonesimulator*]" = YES;
				"INFOPLIST_KEY_UIApplicationSupportsIndirectInputEvents[sdk=iphoneos*]" = YES;
				"INFOPLIST_KEY_UIApplicationSupportsIndirectInputEvents[sdk=iphonesimulator*]" = YES;
				"INFOPLIST_KEY_UILaunchScreen_Generation[sdk=iphoneos*]" = YES;
				"INFOPLIST_KEY_UILaunchScreen_Generation[sdk=iphonesimulator*]" = YES;
				"INFOPLIST_KEY_UIStatusBarStyle[sdk=iphoneos*]" = UIStatusBarStyleDefault;
				"INFOPLIST_KEY_UIStatusBarStyle[sdk=iphonesimulator*]" = UIStatusBarStyleDefault;
				INFOPLIST_KEY_UISupportedInterfaceOrientations_iPad = "UIInterfaceOrientationPortrait UIInterfaceOrientationPortraitUpsideDown UIInterfaceOrientationLandscapeLeft UIInterfaceOrientationLandscapeRight";
				INFOPLIST_KEY_UISupportedInterfaceOrientations_iPhone = "UIInterfaceOrientationPortrait UIInterfaceOrientationLandscapeLeft UIInterfaceOrientationLandscapeRight";
				IPHONEOS_DEPLOYMENT_TARGET = 16.4;
				LD_RUNPATH_SEARCH_PATHS = "@executable_path/Frameworks";
				"LD_RUNPATH_SEARCH_PATHS[sdk=macosx*]" = "@executable_path/../Frameworks";
				MACOSX_DEPLOYMENT_TARGET = 13.3;
				MARKETING_VERSION = 1.0;
				PRODUCT_BUNDLE_IDENTIFIER = com.rahuladepu.NutriFactCompare;
				PRODUCT_NAME = "$(TARGET_NAME)";
				SDKROOT = auto;
				SUPPORTED_PLATFORMS = "iphoneos iphonesimulator macosx";
				SWIFT_EMIT_LOC_STRINGS = YES;
				SWIFT_VERSION = 5.0;
				TARGETED_DEVICE_FAMILY = "1,2";
			};
			name = Release;
		};
		DACF2D9A2A572FA7002F411B /* Debug */ = {
			isa = XCBuildConfiguration;
			buildSettings = {
				ALWAYS_EMBED_SWIFT_STANDARD_LIBRARIES = YES;
				BUNDLE_LOADER = "$(TEST_HOST)";
				CODE_SIGN_STYLE = Automatic;
				CURRENT_PROJECT_VERSION = 1;
				DEVELOPMENT_TEAM = 4P2C9WR2BJ;
				GENERATE_INFOPLIST_FILE = YES;
				IPHONEOS_DEPLOYMENT_TARGET = 16.4;
				MACOSX_DEPLOYMENT_TARGET = 13.3;
				MARKETING_VERSION = 1.0;
				PRODUCT_BUNDLE_IDENTIFIER = com.rahuladepu.NutriFactCompareTests;
				PRODUCT_NAME = "$(TARGET_NAME)";
				SDKROOT = auto;
				SUPPORTED_PLATFORMS = "iphoneos iphonesimulator macosx";
				SWIFT_EMIT_LOC_STRINGS = NO;
				SWIFT_VERSION = 5.0;
				TARGETED_DEVICE_FAMILY = "1,2";
				TEST_HOST = "$(BUILT_PRODUCTS_DIR)/NutriFactCompare.app/$(BUNDLE_EXECUTABLE_FOLDER_PATH)/NutriFactCompare";
			};
			name = Debug;
		};
		DACF2D9B2A572FA7002F411B /* Release */ = {
			isa = XCBuildConfiguration;
			buildSettings = {
				ALWAYS_EMBED_SWIFT_STANDARD_LIBRARIES = YES;
				BUNDLE_LOADER = "$(TEST_HOST)";
				CODE_SIGN_STYLE = Automatic;
				CURRENT_PROJECT_VERSION = 1;
				DEVELOPMENT_TEAM = 4P2C9WR2BJ;
				GENERATE_INFOPLIST_FILE = YES;
				IPHONEOS_DEPLOYMENT_TARGET = 16.4;
				MACOSX_DEPLOYMENT_TARGET = 13.3;
				MARKETING_VERSION = 1.0;
				PRODUCT_BUNDLE_IDENTIFIER = com.rahuladepu.NutriFactCompareTests;
				PRODUCT_NAME = "$(TARGET_NAME)";
				SDKROOT = auto;
				SUPPORTED_PLATFORMS = "iphoneos iphonesimulator macosx";
				SWIFT_EMIT_LOC_STRINGS = NO;
				SWIFT_VERSION = 5.0;
				TARGETED_DEVICE_FAMILY = "1,2";
				TEST_HOST = "$(BUILT_PRODUCTS_DIR)/NutriFactCompare.app/$(BUNDLE_EXECUTABLE_FOLDER_PATH)/NutriFactCompare";
			};
			name = Release;
		};
		DACF2D9D2A572FA7002F411B /* Debug */ = {
			isa = XCBuildConfiguration;
			buildSettings = {
				ALWAYS_EMBED_SWIFT_STANDARD_LIBRARIES = YES;
				CODE_SIGN_STYLE = Automatic;
				CURRENT_PROJECT_VERSION = 1;
				DEVELOPMENT_TEAM = 4P2C9WR2BJ;
				GENERATE_INFOPLIST_FILE = YES;
				IPHONEOS_DEPLOYMENT_TARGET = 16.4;
				MACOSX_DEPLOYMENT_TARGET = 13.3;
				MARKETING_VERSION = 1.0;
				PRODUCT_BUNDLE_IDENTIFIER = com.rahuladepu.NutriFactCompareUITests;
				PRODUCT_NAME = "$(TARGET_NAME)";
				SDKROOT = auto;
				SUPPORTED_PLATFORMS = "iphoneos iphonesimulator macosx";
				SWIFT_EMIT_LOC_STRINGS = NO;
				SWIFT_VERSION = 5.0;
				TARGETED_DEVICE_FAMILY = "1,2";
				TEST_TARGET_NAME = NutriFactCompare;
			};
			name = Debug;
		};
		DACF2D9E2A572FA7002F411B /* Release */ = {
			isa = XCBuildConfiguration;
			buildSettings = {
				ALWAYS_EMBED_SWIFT_STANDARD_LIBRARIES = YES;
				CODE_SIGN_STYLE = Automatic;
				CURRENT_PROJECT_VERSION = 1;
				DEVELOPMENT_TEAM = 4P2C9WR2BJ;
				GENERATE_INFOPLIST_FILE = YES;
				IPHONEOS_DEPLOYMENT_TARGET = 16.4;
				MACOSX_DEPLOYMENT_TARGET = 13.3;
				MARKETING_VERSION = 1.0;
				PRODUCT_BUNDLE_IDENTIFIER = com.rahuladepu.NutriFactCompareUITests;
				PRODUCT_NAME = "$(TARGET_NAME)";
				SDKROOT = auto;
				SUPPORTED_PLATFORMS = "iphoneos iphonesimulator macosx";
				SWIFT_EMIT_LOC_STRINGS = NO;
				SWIFT_VERSION = 5.0;
				TARGETED_DEVICE_FAMILY = "1,2";
				TEST_TARGET_NAME = NutriFactCompare;
			};
			name = Release;
		};
/* End XCBuildConfiguration section */

/* Begin XCConfigurationList section */
		DACF2D672A572FA5002F411B /* Build configuration list for PBXProject "NutriFactCompare" */ = {
			isa = XCConfigurationList;
			buildConfigurations = (
				DACF2D942A572FA7002F411B /* Debug */,
				DACF2D952A572FA7002F411B /* Release */,
			);
			defaultConfigurationIsVisible = 0;
			defaultConfigurationName = Release;
		};
		DACF2D962A572FA7002F411B /* Build configuration list for PBXNativeTarget "NutriFactCompare" */ = {
			isa = XCConfigurationList;
			buildConfigurations = (
				DACF2D972A572FA7002F411B /* Debug */,
				DACF2D982A572FA7002F411B /* Release */,
			);
			defaultConfigurationIsVisible = 0;
			defaultConfigurationName = Release;
		};
		DACF2D992A572FA7002F411B /* Build configuration list for PBXNativeTarget "NutriFactCompareTests" */ = {
			isa = XCConfigurationList;
			buildConfigurations = (
				DACF2D9A2A572FA7002F411B /* Debug */,
				DACF2D9B2A572FA7002F411B /* Release */,
			);
			defaultConfigurationIsVisible = 0;
			defaultConfigurationName = Release;
		};
		DACF2D9C2A572FA7002F411B /* Build configuration list for PBXNativeTarget "NutriFactCompareUITests" */ = {
			isa = XCConfigurationList;
			buildConfigurations = (
				DACF2D9D2A572FA7002F411B /* Debug */,
				DACF2D9E2A572FA7002F411B /* Release */,
			);
			defaultConfigurationIsVisible = 0;
			defaultConfigurationName = Release;
		};
/* End XCConfigurationList section */

/* Begin XCVersionGroup section */
		DACF2D732A572FA5002F411B /* NutriFactCompare.xcdatamodeld */ = {
			isa = XCVersionGroup;
			children = (
				DACF2D742A572FA5002F411B /* NutriFactCompare.xcdatamodel */,
			);
			currentVersion = DACF2D742A572FA5002F411B /* NutriFactCompare.xcdatamodel */;
			path = NutriFactCompare.xcdatamodeld;
			sourceTree = "<group>";
			versionGroupType = wrapper.xcdatamodel;
		};
/* End XCVersionGroup section */
	};
	rootObject = DACF2D642A572FA5002F411B /* Project object */;
}
